
Microsoft Visual Studio Solution File, Format Version 12.00
# Visual Studio 15
VisualStudioVersion = 15.0.28307.271
MinimumVisualStudioVersion = 10.0.40219.1
Project("{888888A0-9F3D-457C-B088-3A5042F75D52}") = "python-demo", "python-demo\python-demo.pyproj", "{A3CFA2A9-77C5-4738-BD09-1C0E821BBC6D}"
EndProject
Global
	GlobalSection(SolutionConfigurationPlatforms) = preSolution
		Debug|Any CPU = Debug|Any CPU
		Release|Any CPU = Release|Any CPU
	EndGlobalSection
	GlobalSection(ProjectConfigurationPlatforms) = postSolution
		{A3CFA2A9-77C5-4738-BD09-1C0E821BBC6D}.Debug|Any CPU.ActiveCfg = Debug|Any CPU
		{A3CFA2A9-77C5-4738-BD09-1C0E821BBC6D}.Release|Any CPU.ActiveCfg = Release|Any CPU
	EndGlobalSection
	GlobalSection(SolutionProperties) = preSolution
		HideSolutionNode = FALSE
	EndGlobalSection
	GlobalSection(ExtensibilityGlobals) = postSolution
		SolutionGuid = {D9A9972B-DE89-4E33-B761-1CC036BE5EC1}
	EndGlobalSection
EndGlobal
